// !$*UTF8*$!
{
	archiveVersion = 1;
	classes = {
	};
	objectVersion = 48;
	objects = {

/* Begin PBXBuildFile section */
		968D4BA52061F70E00980287 /* FocalNode.swift in Sources */ = {isa = PBXBuildFile; fileRef = 968D4BA42061F70E00980287 /* FocalNode.swift */; };
		96E8EBDC207473A30081AF18 /* Box.swift in Sources */ = {isa = PBXBuildFile; fileRef = 96E8EBDB207473A30081AF18 /* Box.swift */; };
		96E8EBDE207474E50081AF18 /* Utilities.swift in Sources */ = {isa = PBXBuildFile; fileRef = 96E8EBDD207474E50081AF18 /* Utilities.swift */; };
		96EE45B620528C520067FBE7 /* AppDelegate.swift in Sources */ = {isa = PBXBuildFile; fileRef = 96EE45B520528C520067FBE7 /* AppDelegate.swift */; };
		96EE45B820528C520067FBE7 /* art.scnassets in Resources */ = {isa = PBXBuildFile; fileRef = 96EE45B720528C520067FBE7 /* art.scnassets */; };
		96EE45BA20528C520067FBE7 /* ViewController.swift in Sources */ = {isa = PBXBuildFile; fileRef = 96EE45B920528C520067FBE7 /* ViewController.swift */; };
		96EE45BD20528C520067FBE7 /* Main.storyboard in Resources */ = {isa = PBXBuildFile; fileRef = 96EE45BB20528C520067FBE7 /* Main.storyboard */; };
		96EE45BF20528C520067FBE7 /* Assets.xcassets in Resources */ = {isa = PBXBuildFile; fileRef = 96EE45BE20528C520067FBE7 /* Assets.xcassets */; };
		96EE45C220528C520067FBE7 /* LaunchScreen.storyboard in Resources */ = {isa = PBXBuildFile; fileRef = 96EE45C020528C520067FBE7 /* LaunchScreen.storyboard */; };
		96EE45CA206113FF0067FBE7 /* SCNVectorsUtils.swift in Sources */ = {isa = PBXBuildFile; fileRef = 96EE45C9206113FF0067FBE7 /* SCNVectorsUtils.swift */; };
		96F2BAE2207219C60068D375 /* SCNVector4+Extensions.swift in Sources */ = {isa = PBXBuildFile; fileRef = 96F2BAE1207219C60068D375 /* SCNVector4+Extensions.swift */; };
		96F2BAE4207219ED0068D375 /* SCNNode+Extensions.swift in Sources */ = {isa = PBXBuildFile; fileRef = 96F2BAE3207219ED0068D375 /* SCNNode+Extensions.swift */; };
		96F2BAE620721A570068D375 /* SCNMatrix4Utils.swift in Sources */ = {isa = PBXBuildFile; fileRef = 96F2BAE520721A570068D375 /* SCNMatrix4Utils.swift */; };
		F55269F420B7FB8500923835 /* Furniture.swift in Sources */ = {isa = PBXBuildFile; fileRef = F55269F320B7FB8500923835 /* Furniture.swift */; };
/* End PBXBuildFile section */

/* Begin PBXFileReference section */
		968D4BA42061F70E00980287 /* FocalNode.swift */ = {isa = PBXFileReference; lastKnownFileType = sourcecode.swift; path = FocalNode.swift; sourceTree = "<group>"; };
		96E8EBDB207473A30081AF18 /* Box.swift */ = {isa = PBXFileReference; lastKnownFileType = sourcecode.swift; path = Box.swift; sourceTree = "<group>"; };
		96E8EBDD207474E50081AF18 /* Utilities.swift */ = {isa = PBXFileReference; lastKnownFileType = sourcecode.swift; path = Utilities.swift; sourceTree = "<group>"; };
		96EE45B220528C520067FBE7 /* drawabox.app */ = {isa = PBXFileReference; explicitFileType = wrapper.application; includeInIndex = 0; path = drawabox.app; sourceTree = BUILT_PRODUCTS_DIR; };
		96EE45B520528C520067FBE7 /* AppDelegate.swift */ = {isa = PBXFileReference; lastKnownFileType = sourcecode.swift; path = AppDelegate.swift; sourceTree = "<group>"; };
		96EE45B720528C520067FBE7 /* art.scnassets */ = {isa = PBXFileReference; lastKnownFileType = wrapper.scnassets; path = art.scnassets; sourceTree = "<group>"; };
		96EE45B920528C520067FBE7 /* ViewController.swift */ = {isa = PBXFileReference; lastKnownFileType = sourcecode.swift; path = ViewController.swift; sourceTree = "<group>"; };
		96EE45BC20528C520067FBE7 /* Base */ = {isa = PBXFileReference; lastKnownFileType = file.storyboard; name = Base; path = Base.lproj/Main.storyboard; sourceTree = "<group>"; };
		96EE45BE20528C520067FBE7 /* Assets.xcassets */ = {isa = PBXFileReference; lastKnownFileType = folder.assetcatalog; path = Assets.xcassets; sourceTree = "<group>"; };
		96EE45C120528C520067FBE7 /* Base */ = {isa = PBXFileReference; lastKnownFileType = file.storyboard; name = Base; path = Base.lproj/LaunchScreen.storyboard; sourceTree = "<group>"; };
		96EE45C320528C520067FBE7 /* Info.plist */ = {isa = PBXFileReference; lastKnownFileType = text.plist.xml; path = Info.plist; sourceTree = "<group>"; };
		96EE45C9206113FF0067FBE7 /* SCNVectorsUtils.swift */ = {isa = PBXFileReference; lastKnownFileType = sourcecode.swift; path = SCNVectorsUtils.swift; sourceTree = "<group>"; };
		96F2BAE1207219C60068D375 /* SCNVector4+Extensions.swift */ = {isa = PBXFileReference; lastKnownFileType = sourcecode.swift; path = "SCNVector4+Extensions.swift"; sourceTree = "<group>"; };
		96F2BAE3207219ED0068D375 /* SCNNode+Extensions.swift */ = {isa = PBXFileReference; lastKnownFileType = sourcecode.swift; path = "SCNNode+Extensions.swift"; sourceTree = "<group>"; };
		96F2BAE520721A570068D375 /* SCNMatrix4Utils.swift */ = {isa = PBXFileReference; lastKnownFileType = sourcecode.swift; path = SCNMatrix4Utils.swift; sourceTree = "<group>"; };
		F55269F320B7FB8500923835 /* Furniture.swift */ = {isa = PBXFileReference; lastKnownFileType = sourcecode.swift; path = Furniture.swift; sourceTree = "<group>"; };
/* End PBXFileReference section */

/* Begin PBXFrameworksBuildPhase section */
		96EE45AF20528C520067FBE7 /* Frameworks */ = {
			isa = PBXFrameworksBuildPhase;
			buildActionMask = 2147483647;
			files = (
			);
			runOnlyForDeploymentPostprocessing = 0;
		};
/* End PBXFrameworksBuildPhase section */

/* Begin PBXGroup section */
		96EE45A920528C520067FBE7 = {
			isa = PBXGroup;
			children = (
				96EE45B420528C520067FBE7 /* drawabox */,
				96EE45B320528C520067FBE7 /* Products */,
			);
			sourceTree = "<group>";
		};
		96EE45B320528C520067FBE7 /* Products */ = {
			isa = PBXGroup;
			children = (
				96EE45B220528C520067FBE7 /* drawabox.app */,
			);
			name = Products;
			sourceTree = "<group>";
		};
		96EE45B420528C520067FBE7 /* drawabox */ = {
			isa = PBXGroup;
			children = (
				96EE45B520528C520067FBE7 /* AppDelegate.swift */,
				96EE45B720528C520067FBE7 /* art.scnassets */,
				96EE45B920528C520067FBE7 /* ViewController.swift */,
				96EE45BB20528C520067FBE7 /* Main.storyboard */,
				96EE45BE20528C520067FBE7 /* Assets.xcassets */,
				96EE45C020528C520067FBE7 /* LaunchScreen.storyboard */,
				96EE45C320528C520067FBE7 /* Info.plist */,
				96EE45C9206113FF0067FBE7 /* SCNVectorsUtils.swift */,
				968D4BA42061F70E00980287 /* FocalNode.swift */,
				96F2BAE1207219C60068D375 /* SCNVector4+Extensions.swift */,
				96F2BAE3207219ED0068D375 /* SCNNode+Extensions.swift */,
				96F2BAE520721A570068D375 /* SCNMatrix4Utils.swift */,
				96E8EBDB207473A30081AF18 /* Box.swift */,
				F55269F320B7FB8500923835 /* Furniture.swift */,
				96E8EBDD207474E50081AF18 /* Utilities.swift */,
			);
			path = drawabox;
			sourceTree = "<group>";
		};
/* End PBXGroup section */

/* Begin PBXNativeTarget section */
		96EE45B120528C520067FBE7 /* drawabox */ = {
			isa = PBXNativeTarget;
			buildConfigurationList = 96EE45C620528C520067FBE7 /* Build configuration list for PBXNativeTarget "drawabox" */;
			buildPhases = (
				96EE45AE20528C520067FBE7 /* Sources */,
				96EE45AF20528C520067FBE7 /* Frameworks */,
				96EE45B020528C520067FBE7 /* Resources */,
			);
			buildRules = (
			);
			dependencies = (
			);
			name = drawabox;
			productName = drawabox;
			productReference = 96EE45B220528C520067FBE7 /* drawabox.app */;
			productType = "com.apple.product-type.application";
		};
/* End PBXNativeTarget section */

/* Begin PBXProject section */
		96EE45AA20528C520067FBE7 /* Project object */ = {
			isa = PBXProject;
			attributes = {
				LastSwiftUpdateCheck = 0920;
				LastUpgradeCheck = 0920;
				ORGANIZATIONNAME = "zou yun";
				TargetAttributes = {
					96EE45B120528C520067FBE7 = {
						CreatedOnToolsVersion = 9.2;
						ProvisioningStyle = Automatic;
					};
				};
			};
			buildConfigurationList = 96EE45AD20528C520067FBE7 /* Build configuration list for PBXProject "drawabox" */;
			compatibilityVersion = "Xcode 8.0";
			developmentRegion = en;
			hasScannedForEncodings = 0;
			knownRegions = (
				en,
				Base,
			);
			mainGroup = 96EE45A920528C520067FBE7;
			productRefGroup = 96EE45B320528C520067FBE7 /* Products */;
			projectDirPath = "";
			projectRoot = "";
			targets = (
				96EE45B120528C520067FBE7 /* drawabox */,
			);
		};
/* End PBXProject section */

/* Begin PBXResourcesBuildPhase section */
		96EE45B020528C520067FBE7 /* Resources */ = {
			isa = PBXResourcesBuildPhase;
			buildActionMask = 2147483647;
			files = (
				96EE45B820528C520067FBE7 /* art.scnassets in Resources */,
				96EE45C220528C520067FBE7 /* LaunchScreen.storyboard in Resources */,
				96EE45BF20528C520067FBE7 /* Assets.xcassets in Resources */,
				96EE45BD20528C520067FBE7 /* Main.storyboard in Resources */,
			);
			runOnlyForDeploymentPostprocessing = 0;
		};
/* End PBXResourcesBuildPhase section */

/* Begin PBXSourcesBuildPhase section */
		96EE45AE20528C520067FBE7 /* Sources */ = {
			isa = PBXSourcesBuildPhase;
			buildActionMask = 2147483647;
			files = (
				96F2BAE4207219ED0068D375 /* SCNNode+Extensions.swift in Sources */,
				96EE45CA206113FF0067FBE7 /* SCNVectorsUtils.swift in Sources */,
				F55269F420B7FB8500923835 /* Furniture.swift in Sources */,
				96F2BAE2207219C60068D375 /* SCNVector4+Extensions.swift in Sources */,
				96F2BAE620721A570068D375 /* SCNMatrix4Utils.swift in Sources */,
				968D4BA52061F70E00980287 /* FocalNode.swift in Sources */,
				96E8EBDC207473A30081AF18 /* Box.swift in Sources */,
				96E8EBDE207474E50081AF18 /* Utilities.swift in Sources */,
				96EE45BA20528C520067FBE7 /* ViewController.swift in Sources */,
				96EE45B620528C520067FBE7 /* AppDelegate.swift in Sources */,
			);
			runOnlyForDeploymentPostprocessing = 0;
		};
/* End PBXSourcesBuildPhase section */

/* Begin PBXVariantGroup section */
		96EE45BB20528C520067FBE7 /* Main.storyboard */ = {
			isa = PBXVariantGroup;
			children = (
				96EE45BC20528C520067FBE7 /* Base */,
			);
			name = Main.storyboard;
			sourceTree = "<group>";
		};
		96EE45C020528C520067FBE7 /* LaunchScreen.storyboard */ = {
			isa = PBXVariantGroup;
			children = (
				96EE45C120528C520067FBE7 /* Base */,
			);
			name = LaunchScreen.storyboard;
			sourceTree = "<group>";
		};
/* End PBXVariantGroup section */

/* Begin XCBuildConfiguration section */
		96EE45C420528C520067FBE7 /* Debug */ = {
			isa = XCBuildConfiguration;
			buildSettings = {
				ALWAYS_SEARCH_USER_PATHS = NO;
				CLANG_ANALYZER_NONNULL = YES;
				CLANG_ANALYZER_NUMBER_OBJECT_CONVERSION = YES_AGGRESSIVE;
				CLANG_CXX_LANGUAGE_STANDARD = "gnu++14";
				CLANG_CXX_LIBRARY = "libc++";
				CLANG_ENABLE_MODULES = YES;
				CLANG_ENABLE_OBJC_ARC = YES;
				CLANG_WARN_BLOCK_CAPTURE_AUTORELEASING = YES;
				CLANG_WARN_BOOL_CONVERSION = YES;
				CLANG_WARN_COMMA = YES;
				CLANG_WARN_CONSTANT_CONVERSION = YES;
				CLANG_WARN_DIRECT_OBJC_ISA_USAGE = YES_ERROR;
				CLANG_WARN_DOCUMENTATION_COMMENTS = YES;
				CLANG_WARN_EMPTY_BODY = YES;
				CLANG_WARN_ENUM_CONVERSION = YES;
				CLANG_WARN_INFINITE_RECURSION = YES;
				CLANG_WARN_INT_CONVERSION = YES;
				CLANG_WARN_NON_LITERAL_NULL_CONVERSION = YES;
				CLANG_WARN_OBJC_LITERAL_CONVERSION = YES;
				CLANG_WARN_OBJC_ROOT_CLASS = YES_ERROR;
				CLANG_WARN_RANGE_LOOP_ANALYSIS = YES;
				CLANG_WARN_STRICT_PROTOTYPES = YES;
				CLANG_WARN_SUSPICIOUS_MOVE = YES;
				CLANG_WARN_UNGUARDED_AVAILABILITY = YES_AGGRESSIVE;
				CLANG_WARN_UNREACHABLE_CODE = YES;
				CLANG_WARN__DUPLICATE_METHOD_MATCH = YES;
				CODE_SIGN_IDENTITY = "iPhone Developer";
				COPY_PHASE_STRIP = NO;
				DEBUG_INFORMATION_FORMAT = dwarf;
				ENABLE_STRICT_OBJC_MSGSEND = YES;
				ENABLE_TESTABILITY = YES;
				GCC_C_LANGUAGE_STANDARD = gnu11;
				GCC_DYNAMIC_NO_PIC = NO;
				GCC_NO_COMMON_BLOCKS = YES;
				GCC_OPTIMIZATION_LEVEL = 0;
				GCC_PREPROCESSOR_DEFINITIONS = (
					"DEBUG=1",
					"$(inherited)",
				);
				GCC_WARN_64_TO_32_BIT_CONVERSION = YES;
				GCC_WARN_ABOUT_RETURN_TYPE = YES_ERROR;
				GCC_WARN_UNDECLARED_SELECTOR = YES;
				GCC_WARN_UNINITIALIZED_AUTOS = YES_AGGRESSIVE;
				GCC_WARN_UNUSED_FUNCTION = YES;
				GCC_WARN_UNUSED_VARIABLE = YES;
				IPHONEOS_DEPLOYMENT_TARGET = 11.2;
				MTL_ENABLE_DEBUG_INFO = YES;
				ONLY_ACTIVE_ARCH = YES;
				SDKROOT = iphoneos;
				SWIFT_ACTIVE_COMPILATION_CONDITIONS = DEBUG;
				SWIFT_OPTIMIZATION_LEVEL = "-Onone";
			};
			name = Debug;
		};
		96EE45C520528C520067FBE7 /* Release */ = {
			isa = XCBuildConfiguration;
			buildSettings = {
				ALWAYS_SEARCH_USER_PATHS = NO;
				CLANG_ANALYZER_NONNULL = YES;
				CLANG_ANALYZER_NUMBER_OBJECT_CONVERSION = YES_AGGRESSIVE;
				CLANG_CXX_LANGUAGE_STANDARD = "gnu++14";
				CLANG_CXX_LIBRARY = "libc++";
				CLANG_ENABLE_MODULES = YES;
				CLANG_ENABLE_OBJC_ARC = YES;
				CLANG_WARN_BLOCK_CAPTURE_AUTORELEASING = YES;
				CLANG_WARN_BOOL_CONVERSION = YES;
				CLANG_WARN_COMMA = YES;
				CLANG_WARN_CONSTANT_CONVERSION = YES;
				CLANG_WARN_DIRECT_OBJC_ISA_USAGE = YES_ERROR;
				CLANG_WARN_DOCUMENTATION_COMMENTS = YES;
				CLANG_WARN_EMPTY_BODY = YES;
				CLANG_WARN_ENUM_CONVERSION = YES;
				CLANG_WARN_INFINITE_RECURSION = YES;
				CLANG_WARN_INT_CONVERSION = YES;
				CLANG_WARN_NON_LITERAL_NULL_CONVERSION = YES;
				CLANG_WARN_OBJC_LITERAL_CONVERSION = YES;
				CLANG_WARN_OBJC_ROOT_CLASS = YES_ERROR;
				CLANG_WARN_RANGE_LOOP_ANALYSIS = YES;
				CLANG_WARN_STRICT_PROTOTYPES = YES;
				CLANG_WARN_SUSPICIOUS_MOVE = YES;
				CLANG_WARN_UNGUARDED_AVAILABILITY = YES_AGGRESSIVE;
				CLANG_WARN_UNREACHABLE_CODE = YES;
				CLANG_WARN__DUPLICATE_METHOD_MATCH = YES;
				CODE_SIGN_IDENTITY = "iPhone Developer";
				COPY_PHASE_STRIP = NO;
				DEBUG_INFORMATION_FORMAT = "dwarf-with-dsym";
				ENABLE_NS_ASSERTIONS = NO;
				ENABLE_STRICT_OBJC_MSGSEND = YES;
				GCC_C_LANGUAGE_STANDARD = gnu11;
				GCC_NO_COMMON_BLOCKS = YES;
				GCC_WARN_64_TO_32_BIT_CONVERSION = YES;
				GCC_WARN_ABOUT_RETURN_TYPE = YES_ERROR;
				GCC_WARN_UNDECLARED_SELECTOR = YES;
				GCC_WARN_UNINITIALIZED_AUTOS = YES_AGGRESSIVE;
				GCC_WARN_UNUSED_FUNCTION = YES;
				GCC_WARN_UNUSED_VARIABLE = YES;
				IPHONEOS_DEPLOYMENT_TARGET = 11.2;
				MTL_ENABLE_DEBUG_INFO = NO;
				SDKROOT = iphoneos;
				SWIFT_OPTIMIZATION_LEVEL = "-Owholemodule";
				VALIDATE_PRODUCT = YES;
			};
			name = Release;
		};
		96EE45C720528C520067FBE7 /* Debug */ = {
			isa = XCBuildConfiguration;
			buildSettings = {
				ASSETCATALOG_COMPILER_APPICON_NAME = AppIcon;
				CODE_SIGN_STYLE = Automatic;
				DEVELOPMENT_TEAM = 8ZLPVV4G78;
				INFOPLIST_FILE = drawabox/Info.plist;
				LD_RUNPATH_SEARCH_PATHS = "$(inherited) @executable_path/Frameworks";
				PRODUCT_BUNDLE_IDENTIFIER = alan.drawabox;
				PRODUCT_NAME = "$(TARGET_NAME)";
				SWIFT_VERSION = 4.0;
				TARGETED_DEVICE_FAMILY = "1,2";
			};
			name = Debug;
		};
		96EE45C820528C520067FBE7 /* Release */ = {
			isa = XCBuildConfiguration;
			buildSettings = {
				ASSETCATALOG_COMPILER_APPICON_NAME = AppIcon;
				CODE_SIGN_STYLE = Automatic;
				DEVELOPMENT_TEAM = 8ZLPVV4G78;
				INFOPLIST_FILE = drawabox/Info.plist;
				LD_RUNPATH_SEARCH_PATHS = "$(inherited) @executable_path/Frameworks";
				PRODUCT_BUNDLE_IDENTIFIER = alan.drawabox;
				PRODUCT_NAME = "$(TARGET_NAME)";
				SWIFT_VERSION = 4.0;
				TARGETED_DEVICE_FAMILY = "1,2";
			};
			name = Release;
		};
/* End XCBuildConfiguration section */

/* Begin XCConfigurationList section */
		96EE45AD20528C520067FBE7 /* Build configuration list for PBXProject "drawabox" */ = {
			isa = XCConfigurationList;
			buildConfigurations = (
				96EE45C420528C520067FBE7 /* Debug */,
				96EE45C520528C520067FBE7 /* Release */,
			);
			defaultConfigurationIsVisible = 0;
			defaultConfigurationName = Release;
		};
		96EE45C620528C520067FBE7 /* Build configuration list for PBXNativeTarget "drawabox" */ = {
			isa = XCConfigurationList;
			buildConfigurations = (
				96EE45C720528C520067FBE7 /* Debug */,
				96EE45C820528C520067FBE7 /* Release */,
			);
			defaultConfigurationIsVisible = 0;
			defaultConfigurationName = Release;
		};
/* End XCConfigurationList section */
	};
	rootObject = 96EE45AA20528C520067FBE7 /* Project object */;
}
